// !$*UTF8*$!
{
	archiveVersion = 1;
	classes = {
	};
	objectVersion = 46;
	objects = {

/* Begin PBXBuildFile section */
		7E0171A81FD9A8E50053F8FE /* fireball.gif in Resources */ = {isa = PBXBuildFile; fileRef = 7E0171A71FD9A8E40053F8FE /* fireball.gif */; };
		7E0171AA1FD9ABFA0053F8FE /* swift+gif.swift in Sources */ = {isa = PBXBuildFile; fileRef = 7E0171A91FD9ABFA0053F8FE /* swift+gif.swift */; };
		7E0171AC1FD9C21C0053F8FE /* lock.png in Resources */ = {isa = PBXBuildFile; fileRef = 7E0171AB1FD9C21B0053F8FE /* lock.png */; };
		7E0171AE1FD9C35D0053F8FE /* unlock.png in Resources */ = {isa = PBXBuildFile; fileRef = 7E0171AD1FD9C35D0053F8FE /* unlock.png */; };
		7E4322361FD3D4AA00B101CE /* hockey.png in Resources */ = {isa = PBXBuildFile; fileRef = 7E4322351FD3D4A900B101CE /* hockey.png */; };
		7E4322381FD3D83600B101CE /* cage.png in Resources */ = {isa = PBXBuildFile; fileRef = 7E4322371FD3D83500B101CE /* cage.png */; };
		7E43223A1FD3DD4800B101CE /* hockey2.png in Resources */ = {isa = PBXBuildFile; fileRef = 7E4322391FD3DD4800B101CE /* hockey2.png */; };
		7E43223C1FD3EBC600B101CE /* cercle.png in Resources */ = {isa = PBXBuildFile; fileRef = 7E43223B1FD3EBC600B101CE /* cercle.png */; };
		7E43223E1FD3F07200B101CE /* toit.png in Resources */ = {isa = PBXBuildFile; fileRef = 7E43223D1FD3F07100B101CE /* toit.png */; };
		7E71130C1FE0616700B9B9E7 /* canadianPuck.png in Resources */ = {isa = PBXBuildFile; fileRef = 7E71130B1FE0616600B9B9E7 /* canadianPuck.png */; };
		7E71130E1FE0638400B9B9E7 /* oilersPuck.png in Resources */ = {isa = PBXBuildFile; fileRef = 7E71130D1FE0638300B9B9E7 /* oilersPuck.png */; };
		7E7113101FE0659A00B9B9E7 /* torontomaplePuck.png in Resources */ = {isa = PBXBuildFile; fileRef = 7E71130F1FE0659900B9B9E7 /* torontomaplePuck.png */; };
		7E7113121FE07DF500B9B9E7 /* ballParDefaut.png in Resources */ = {isa = PBXBuildFile; fileRef = 7E7113111FE07DF300B9B9E7 /* ballParDefaut.png */; };
		7E9CCF651FDF2B7A0000FC2D /* buzzerAllumé.png in Resources */ = {isa = PBXBuildFile; fileRef = 7E9CCF641FDF2B780000FC2D /* buzzerAllumé.png */; };
		7EB663541FD88B57000F6CCE /* gardien.png in Resources */ = {isa = PBXBuildFile; fileRef = 7EB663531FD88B56000F6CCE /* gardien.png */; };
		7EB896E11FDB36DE00224000 /* Bounce.swift in Sources */ = {isa = PBXBuildFile; fileRef = 7EB896E01FDB36DE00224000 /* Bounce.swift */; };
		7ECF1C3C1FD6FD1B005837B0 /* hockeyPlayer.png in Resources */ = {isa = PBXBuildFile; fileRef = 7ECF1C3B1FD6FD1B005837B0 /* hockeyPlayer.png */; };
		7ECF1C3E1FD702FC005837B0 /* shopbg.jpeg in Resources */ = {isa = PBXBuildFile; fileRef = 7ECF1C3D1FD702FB005837B0 /* shopbg.jpeg */; };
		7ECF1C401FD70439005837B0 /* buzzer.png in Resources */ = {isa = PBXBuildFile; fileRef = 7ECF1C3F1FD70438005837B0 /* buzzer.png */; };
		9B5726771FBA3EF100EF2439 /* AppDelegate.swift in Sources */ = {isa = PBXBuildFile; fileRef = 9B5726761FBA3EF100EF2439 /* AppDelegate.swift */; };
		9B5726791FBA3EF100EF2439 /* ViewController.swift in Sources */ = {isa = PBXBuildFile; fileRef = 9B5726781FBA3EF100EF2439 /* ViewController.swift */; };
		9B57267C1FBA3EF100EF2439 /* Main.storyboard in Resources */ = {isa = PBXBuildFile; fileRef = 9B57267A1FBA3EF100EF2439 /* Main.storyboard */; };
		9B57267E1FBA3EF100EF2439 /* Assets.xcassets in Resources */ = {isa = PBXBuildFile; fileRef = 9B57267D1FBA3EF100EF2439 /* Assets.xcassets */; };
		9B5726811FBA3EF100EF2439 /* LaunchScreen.storyboard in Resources */ = {isa = PBXBuildFile; fileRef = 9B57267F1FBA3EF100EF2439 /* LaunchScreen.storyboard */; };
		9B57268A1FBA3F4E00EF2439 /* circle.png in Resources */ = {isa = PBXBuildFile; fileRef = 9B5726891FBA3F4E00EF2439 /* circle.png */; };
/* End PBXBuildFile section */

/* Begin PBXFileReference section */
		7E0171A71FD9A8E40053F8FE /* fireball.gif */ = {isa = PBXFileReference; lastKnownFileType = image.gif; name = fireball.gif; path = images/fireball.gif; sourceTree = "<group>"; };
		7E0171A91FD9ABFA0053F8FE /* swift+gif.swift */ = {isa = PBXFileReference; lastKnownFileType = sourcecode.swift; path = "swift+gif.swift"; sourceTree = "<group>"; };
		7E0171AB1FD9C21B0053F8FE /* lock.png */ = {isa = PBXFileReference; lastKnownFileType = image.png; name = lock.png; path = images/lock.png; sourceTree = "<group>"; };
		7E0171AD1FD9C35D0053F8FE /* unlock.png */ = {isa = PBXFileReference; lastKnownFileType = image.png; name = unlock.png; path = images/unlock.png; sourceTree = "<group>"; };
		7E4322351FD3D4A900B101CE /* hockey.png */ = {isa = PBXFileReference; lastKnownFileType = image.png; name = hockey.png; path = images/hockey.png; sourceTree = "<group>"; };
		7E4322371FD3D83500B101CE /* cage.png */ = {isa = PBXFileReference; lastKnownFileType = image.png; name = cage.png; path = images/cage.png; sourceTree = "<group>"; };
		7E4322391FD3DD4800B101CE /* hockey2.png */ = {isa = PBXFileReference; lastKnownFileType = image.png; name = hockey2.png; path = images/hockey2.png; sourceTree = "<group>"; };
		7E43223B1FD3EBC600B101CE /* cercle.png */ = {isa = PBXFileReference; lastKnownFileType = image.png; name = cercle.png; path = images/cercle.png; sourceTree = "<group>"; };
		7E43223D1FD3F07100B101CE /* toit.png */ = {isa = PBXFileReference; lastKnownFileType = image.png; name = toit.png; path = images/toit.png; sourceTree = "<group>"; };
		7E71130B1FE0616600B9B9E7 /* canadianPuck.png */ = {isa = PBXFileReference; lastKnownFileType = image.png; name = canadianPuck.png; path = images/canadianPuck.png; sourceTree = "<group>"; };
		7E71130D1FE0638300B9B9E7 /* oilersPuck.png */ = {isa = PBXFileReference; lastKnownFileType = image.png; name = oilersPuck.png; path = images/oilersPuck.png; sourceTree = "<group>"; };
		7E71130F1FE0659900B9B9E7 /* torontomaplePuck.png */ = {isa = PBXFileReference; lastKnownFileType = image.png; name = torontomaplePuck.png; path = images/torontomaplePuck.png; sourceTree = "<group>"; };
		7E7113111FE07DF300B9B9E7 /* ballParDefaut.png */ = {isa = PBXFileReference; lastKnownFileType = image.png; name = ballParDefaut.png; path = images/ballParDefaut.png; sourceTree = "<group>"; };
		7E9CCF641FDF2B780000FC2D /* buzzerAllumé.png */ = {isa = PBXFileReference; lastKnownFileType = image.png; name = "buzzerAllumé.png"; path = "images/buzzerAllumé.png"; sourceTree = "<group>"; };
		7EB663531FD88B56000F6CCE /* gardien.png */ = {isa = PBXFileReference; lastKnownFileType = image.png; name = gardien.png; path = images/gardien.png; sourceTree = "<group>"; };
		7EB896E01FDB36DE00224000 /* Bounce.swift */ = {isa = PBXFileReference; fileEncoding = 4; lastKnownFileType = sourcecode.swift; path = Bounce.swift; sourceTree = "<group>"; };
		7ECF1C3B1FD6FD1B005837B0 /* hockeyPlayer.png */ = {isa = PBXFileReference; lastKnownFileType = image.png; name = hockeyPlayer.png; path = images/hockeyPlayer.png; sourceTree = "<group>"; };
		7ECF1C3D1FD702FB005837B0 /* shopbg.jpeg */ = {isa = PBXFileReference; lastKnownFileType = image.jpeg; name = shopbg.jpeg; path = images/shopbg.jpeg; sourceTree = "<group>"; };
		7ECF1C3F1FD70438005837B0 /* buzzer.png */ = {isa = PBXFileReference; lastKnownFileType = image.png; name = buzzer.png; path = images/buzzer.png; sourceTree = "<group>"; };
		9B5726731FBA3EF100EF2439 /* trigo.app */ = {isa = PBXFileReference; explicitFileType = wrapper.application; includeInIndex = 0; path = trigo.app; sourceTree = BUILT_PRODUCTS_DIR; };
		9B5726761FBA3EF100EF2439 /* AppDelegate.swift */ = {isa = PBXFileReference; lastKnownFileType = sourcecode.swift; path = AppDelegate.swift; sourceTree = "<group>"; };
		9B5726781FBA3EF100EF2439 /* ViewController.swift */ = {isa = PBXFileReference; lastKnownFileType = sourcecode.swift; path = ViewController.swift; sourceTree = "<group>"; };
		9B57267B1FBA3EF100EF2439 /* Base */ = {isa = PBXFileReference; lastKnownFileType = file.storyboard; name = Base; path = Base.lproj/Main.storyboard; sourceTree = "<group>"; };
		9B57267D1FBA3EF100EF2439 /* Assets.xcassets */ = {isa = PBXFileReference; lastKnownFileType = folder.assetcatalog; path = Assets.xcassets; sourceTree = "<group>"; };
		9B5726801FBA3EF100EF2439 /* Base */ = {isa = PBXFileReference; lastKnownFileType = file.storyboard; name = Base; path = Base.lproj/LaunchScreen.storyboard; sourceTree = "<group>"; };
		9B5726821FBA3EF100EF2439 /* Info.plist */ = {isa = PBXFileReference; lastKnownFileType = text.plist.xml; path = Info.plist; sourceTree = "<group>"; };
		9B5726891FBA3F4E00EF2439 /* circle.png */ = {isa = PBXFileReference; lastKnownFileType = image.png; name = circle.png; path = images/circle.png; sourceTree = "<group>"; };
/* End PBXFileReference section */

/* Begin PBXFrameworksBuildPhase section */
		9B5726701FBA3EF000EF2439 /* Frameworks */ = {
			isa = PBXFrameworksBuildPhase;
			buildActionMask = 2147483647;
			files = (
			);
			runOnlyForDeploymentPostprocessing = 0;
		};
/* End PBXFrameworksBuildPhase section */

/* Begin PBXGroup section */
		9B57266A1FBA3EF000EF2439 = {
			isa = PBXGroup;
			children = (
				9B5726751FBA3EF100EF2439 /* trigo */,
				9B5726741FBA3EF100EF2439 /* Products */,
			);
			sourceTree = "<group>";
		};
		9B5726741FBA3EF100EF2439 /* Products */ = {
			isa = PBXGroup;
			children = (
				9B5726731FBA3EF100EF2439 /* trigo.app */,
			);
			name = Products;
			sourceTree = "<group>";
		};
		9B5726751FBA3EF100EF2439 /* trigo */ = {
			isa = PBXGroup;
			children = (
				9B5726881FBA3F4200EF2439 /* images */,
				7EB896E01FDB36DE00224000 /* Bounce.swift */,
				9B5726761FBA3EF100EF2439 /* AppDelegate.swift */,
				9B5726781FBA3EF100EF2439 /* ViewController.swift */,
				7E0171A91FD9ABFA0053F8FE /* swift+gif.swift */,
				9B57267A1FBA3EF100EF2439 /* Main.storyboard */,
				9B57267D1FBA3EF100EF2439 /* Assets.xcassets */,
				9B57267F1FBA3EF100EF2439 /* LaunchScreen.storyboard */,
				9B5726821FBA3EF100EF2439 /* Info.plist */,
			);
			path = trigo;
			sourceTree = "<group>";
		};
		9B5726881FBA3F4200EF2439 /* images */ = {
			isa = PBXGroup;
			children = (
				7E7113111FE07DF300B9B9E7 /* ballParDefaut.png */,
				7E71130F1FE0659900B9B9E7 /* torontomaplePuck.png */,
				7E71130D1FE0638300B9B9E7 /* oilersPuck.png */,
				7E71130B1FE0616600B9B9E7 /* canadianPuck.png */,
				7E9CCF641FDF2B780000FC2D /* buzzerAllumé.png */,
				7E0171AD1FD9C35D0053F8FE /* unlock.png */,
				7E0171AB1FD9C21B0053F8FE /* lock.png */,
				7E0171A71FD9A8E40053F8FE /* fireball.gif */,
				7EB663531FD88B56000F6CCE /* gardien.png */,
				7ECF1C3F1FD70438005837B0 /* buzzer.png */,
				7ECF1C3D1FD702FB005837B0 /* shopbg.jpeg */,
				7ECF1C3B1FD6FD1B005837B0 /* hockeyPlayer.png */,
				7E43223D1FD3F07100B101CE /* toit.png */,
				7E43223B1FD3EBC600B101CE /* cercle.png */,
				7E4322391FD3DD4800B101CE /* hockey2.png */,
				7E4322371FD3D83500B101CE /* cage.png */,
				7E4322351FD3D4A900B101CE /* hockey.png */,
				9B5726891FBA3F4E00EF2439 /* circle.png */,
			);
			name = images;
			sourceTree = "<group>";
		};
/* End PBXGroup section */

/* Begin PBXNativeTarget section */
		9B5726721FBA3EF000EF2439 /* trigo */ = {
			isa = PBXNativeTarget;
			buildConfigurationList = 9B5726851FBA3EF100EF2439 /* Build configuration list for PBXNativeTarget "trigo" */;
			buildPhases = (
				9B57266F1FBA3EF000EF2439 /* Sources */,
				9B5726701FBA3EF000EF2439 /* Frameworks */,
				9B5726711FBA3EF000EF2439 /* Resources */,
			);
			buildRules = (
			);
			dependencies = (
			);
			name = trigo;
			productName = trigo;
			productReference = 9B5726731FBA3EF100EF2439 /* trigo.app */;
			productType = "com.apple.product-type.application";
		};
/* End PBXNativeTarget section */

/* Begin PBXProject section */
		9B57266B1FBA3EF000EF2439 /* Project object */ = {
			isa = PBXProject;
			attributes = {
				LastSwiftUpdateCheck = 0820;
				LastUpgradeCheck = 0820;
				ORGANIZATIONNAME = eleves;
				TargetAttributes = {
					9B5726721FBA3EF000EF2439 = {
						CreatedOnToolsVersion = 8.2;
						ProvisioningStyle = Automatic;
					};
				};
			};
			buildConfigurationList = 9B57266E1FBA3EF000EF2439 /* Build configuration list for PBXProject "trigo" */;
			compatibilityVersion = "Xcode 3.2";
			developmentRegion = English;
			hasScannedForEncodings = 0;
			knownRegions = (
				en,
				Base,
			);
			mainGroup = 9B57266A1FBA3EF000EF2439;
			productRefGroup = 9B5726741FBA3EF100EF2439 /* Products */;
			projectDirPath = "";
			projectRoot = "";
			targets = (
				9B5726721FBA3EF000EF2439 /* trigo */,
			);
		};
/* End PBXProject section */

/* Begin PBXResourcesBuildPhase section */
		9B5726711FBA3EF000EF2439 /* Resources */ = {
			isa = PBXResourcesBuildPhase;
			buildActionMask = 2147483647;
			files = (
				9B5726811FBA3EF100EF2439 /* LaunchScreen.storyboard in Resources */,
				9B57267E1FBA3EF100EF2439 /* Assets.xcassets in Resources */,
				7ECF1C3E1FD702FC005837B0 /* shopbg.jpeg in Resources */,
				7EB663541FD88B57000F6CCE /* gardien.png in Resources */,
				7E43223E1FD3F07200B101CE /* toit.png in Resources */,
				7ECF1C3C1FD6FD1B005837B0 /* hockeyPlayer.png in Resources */,
				9B57267C1FBA3EF100EF2439 /* Main.storyboard in Resources */,
				7E7113121FE07DF500B9B9E7 /* ballParDefaut.png in Resources */,
				7E0171A81FD9A8E50053F8FE /* fireball.gif in Resources */,
				7E43223C1FD3EBC600B101CE /* cercle.png in Resources */,
				7E0171AE1FD9C35D0053F8FE /* unlock.png in Resources */,
				9B57268A1FBA3F4E00EF2439 /* circle.png in Resources */,
				7E71130C1FE0616700B9B9E7 /* canadianPuck.png in Resources */,
				7E43223A1FD3DD4800B101CE /* hockey2.png in Resources */,
				7E0171AC1FD9C21C0053F8FE /* lock.png in Resources */,
				7E71130E1FE0638400B9B9E7 /* oilersPuck.png in Resources */,
				7E4322361FD3D4AA00B101CE /* hockey.png in Resources */,
				7E9CCF651FDF2B7A0000FC2D /* buzzerAllumé.png in Resources */,
				7E4322381FD3D83600B101CE /* cage.png in Resources */,
				7E7113101FE0659A00B9B9E7 /* torontomaplePuck.png in Resources */,
				7ECF1C401FD70439005837B0 /* buzzer.png in Resources */,
			);
			runOnlyForDeploymentPostprocessing = 0;
		};
/* End PBXResourcesBuildPhase section */

/* Begin PBXSourcesBuildPhase section */
		9B57266F1FBA3EF000EF2439 /* Sources */ = {
			isa = PBXSourcesBuildPhase;
			buildActionMask = 2147483647;
			files = (
				9B5726791FBA3EF100EF2439 /* ViewController.swift in Sources */,
				7E0171AA1FD9ABFA0053F8FE /* swift+gif.swift in Sources */,
				9B5726771FBA3EF100EF2439 /* AppDelegate.swift in Sources */,
				7EB896E11FDB36DE00224000 /* Bounce.swift in Sources */,
			);
			runOnlyForDeploymentPostprocessing = 0;
		};
/* End PBXSourcesBuildPhase section */

/* Begin PBXVariantGroup section */
		9B57267A1FBA3EF100EF2439 /* Main.storyboard */ = {
			isa = PBXVariantGroup;
			children = (
				9B57267B1FBA3EF100EF2439 /* Base */,
			);
			name = Main.storyboard;
			sourceTree = "<group>";
		};
		9B57267F1FBA3EF100EF2439 /* LaunchScreen.storyboard */ = {
			isa = PBXVariantGroup;
			children = (
				9B5726801FBA3EF100EF2439 /* Base */,
			);
			name = LaunchScreen.storyboard;
			sourceTree = "<group>";
		};
/* End PBXVariantGroup section */

/* Begin XCBuildConfiguration section */
		9B5726831FBA3EF100EF2439 /* Debug */ = {
			isa = XCBuildConfiguration;
			buildSettings = {
				ALWAYS_SEARCH_USER_PATHS = NO;
				CLANG_ANALYZER_NONNULL = YES;
				CLANG_CXX_LANGUAGE_STANDARD = "gnu++0x";
				CLANG_CXX_LIBRARY = "libc++";
				CLANG_ENABLE_MODULES = YES;
				CLANG_ENABLE_OBJC_ARC = YES;
				CLANG_WARN_BOOL_CONVERSION = YES;
				CLANG_WARN_CONSTANT_CONVERSION = YES;
				CLANG_WARN_DIRECT_OBJC_ISA_USAGE = YES_ERROR;
				CLANG_WARN_DOCUMENTATION_COMMENTS = YES;
				CLANG_WARN_EMPTY_BODY = YES;
				CLANG_WARN_ENUM_CONVERSION = YES;
				CLANG_WARN_INFINITE_RECURSION = YES;
				CLANG_WARN_INT_CONVERSION = YES;
				CLANG_WARN_OBJC_ROOT_CLASS = YES_ERROR;
				CLANG_WARN_SUSPICIOUS_MOVE = YES;
				CLANG_WARN_UNREACHABLE_CODE = YES;
				CLANG_WARN__DUPLICATE_METHOD_MATCH = YES;
				"CODE_SIGN_IDENTITY[sdk=iphoneos*]" = "iPhone Developer";
				COPY_PHASE_STRIP = NO;
				DEBUG_INFORMATION_FORMAT = dwarf;
				ENABLE_STRICT_OBJC_MSGSEND = YES;
				ENABLE_TESTABILITY = YES;
				GCC_C_LANGUAGE_STANDARD = gnu99;
				GCC_DYNAMIC_NO_PIC = NO;
				GCC_NO_COMMON_BLOCKS = YES;
				GCC_OPTIMIZATION_LEVEL = 0;
				GCC_PREPROCESSOR_DEFINITIONS = (
					"DEBUG=1",
					"$(inherited)",
				);
				GCC_WARN_64_TO_32_BIT_CONVERSION = YES;
				GCC_WARN_ABOUT_RETURN_TYPE = YES_ERROR;
				GCC_WARN_UNDECLARED_SELECTOR = YES;
				GCC_WARN_UNINITIALIZED_AUTOS = YES_AGGRESSIVE;
				GCC_WARN_UNUSED_FUNCTION = YES;
				GCC_WARN_UNUSED_VARIABLE = YES;
				IPHONEOS_DEPLOYMENT_TARGET = 10.2;
				MTL_ENABLE_DEBUG_INFO = YES;
				ONLY_ACTIVE_ARCH = YES;
				SDKROOT = iphoneos;
				SWIFT_ACTIVE_COMPILATION_CONDITIONS = DEBUG;
				SWIFT_OPTIMIZATION_LEVEL = "-Onone";
				TARGETED_DEVICE_FAMILY = "1,2";
			};
			name = Debug;
		};
		9B5726841FBA3EF100EF2439 /* Release */ = {
			isa = XCBuildConfiguration;
			buildSettings = {
				ALWAYS_SEARCH_USER_PATHS = NO;
				CLANG_ANALYZER_NONNULL = YES;
				CLANG_CXX_LANGUAGE_STANDARD = "gnu++0x";
				CLANG_CXX_LIBRARY = "libc++";
				CLANG_ENABLE_MODULES = YES;
				CLANG_ENABLE_OBJC_ARC = YES;
				CLANG_WARN_BOOL_CONVERSION = YES;
				CLANG_WARN_CONSTANT_CONVERSION = YES;
				CLANG_WARN_DIRECT_OBJC_ISA_USAGE = YES_ERROR;
				CLANG_WARN_DOCUMENTATION_COMMENTS = YES;
				CLANG_WARN_EMPTY_BODY = YES;
				CLANG_WARN_ENUM_CONVERSION = YES;
				CLANG_WARN_INFINITE_RECURSION = YES;
				CLANG_WARN_INT_CONVERSION = YES;
				CLANG_WARN_OBJC_ROOT_CLASS = YES_ERROR;
				CLANG_WARN_SUSPICIOUS_MOVE = YES;
				CLANG_WARN_UNREACHABLE_CODE = YES;
				CLANG_WARN__DUPLICATE_METHOD_MATCH = YES;
				"CODE_SIGN_IDENTITY[sdk=iphoneos*]" = "iPhone Developer";
				COPY_PHASE_STRIP = NO;
				DEBUG_INFORMATION_FORMAT = "dwarf-with-dsym";
				ENABLE_NS_ASSERTIONS = NO;
				ENABLE_STRICT_OBJC_MSGSEND = YES;
				GCC_C_LANGUAGE_STANDARD = gnu99;
				GCC_NO_COMMON_BLOCKS = YES;
				GCC_WARN_64_TO_32_BIT_CONVERSION = YES;
				GCC_WARN_ABOUT_RETURN_TYPE = YES_ERROR;
				GCC_WARN_UNDECLARED_SELECTOR = YES;
				GCC_WARN_UNINITIALIZED_AUTOS = YES_AGGRESSIVE;
				GCC_WARN_UNUSED_FUNCTION = YES;
				GCC_WARN_UNUSED_VARIABLE = YES;
				IPHONEOS_DEPLOYMENT_TARGET = 10.2;
				MTL_ENABLE_DEBUG_INFO = NO;
				SDKROOT = iphoneos;
				SWIFT_OPTIMIZATION_LEVEL = "-Owholemodule";
				TARGETED_DEVICE_FAMILY = "1,2";
				VALIDATE_PRODUCT = YES;
			};
			name = Release;
		};
		9B5726861FBA3EF100EF2439 /* Debug */ = {
			isa = XCBuildConfiguration;
			buildSettings = {
				ASSETCATALOG_COMPILER_APPICON_NAME = AppIcon;
				INFOPLIST_FILE = trigo/Info.plist;
				LD_RUNPATH_SEARCH_PATHS = "$(inherited) @executable_path/Frameworks";
				PRODUCT_BUNDLE_IDENTIFIER = com.samuel.trigo;
				PRODUCT_NAME = "$(TARGET_NAME)";
				SWIFT_VERSION = 3.0;
			};
			name = Debug;
		};
		9B5726871FBA3EF100EF2439 /* Release */ = {
			isa = XCBuildConfiguration;
			buildSettings = {
				ASSETCATALOG_COMPILER_APPICON_NAME = AppIcon;
				INFOPLIST_FILE = trigo/Info.plist;
				LD_RUNPATH_SEARCH_PATHS = "$(inherited) @executable_path/Frameworks";
				PRODUCT_BUNDLE_IDENTIFIER = com.samuel.trigo;
				PRODUCT_NAME = "$(TARGET_NAME)";
				SWIFT_VERSION = 3.0;
			};
			name = Release;
		};
/* End XCBuildConfiguration section */

/* Begin XCConfigurationList section */
		9B57266E1FBA3EF000EF2439 /* Build configuration list for PBXProject "trigo" */ = {
			isa = XCConfigurationList;
			buildConfigurations = (
				9B5726831FBA3EF100EF2439 /* Debug */,
				9B5726841FBA3EF100EF2439 /* Release */,
			);
			defaultConfigurationIsVisible = 0;
			defaultConfigurationName = Release;
		};
		9B5726851FBA3EF100EF2439 /* Build configuration list for PBXNativeTarget "trigo" */ = {
			isa = XCConfigurationList;
			buildConfigurations = (
				9B5726861FBA3EF100EF2439 /* Debug */,
				9B5726871FBA3EF100EF2439 /* Release */,
			);
			defaultConfigurationIsVisible = 0;
			defaultConfigurationName = Release;
		};
/* End XCConfigurationList section */
	};
	rootObject = 9B57266B1FBA3EF000EF2439 /* Project object */;
}
